
Microsoft Visual Studio Solution File, Format Version 12.00
# Visual Studio Version 17
VisualStudioVersion = 17.7.34221.43
MinimumVisualStudioVersion = 10.0.40219.1
Project("{9A19103F-16F7-4668-BE54-9A1E7A4F7556}") = "MojStomatolog", "MojStomatolog\MojStomatolog.csproj", "{1F20AABD-6A76-4230-973C-E8F232530C74}"
EndProject
Project("{FAE04EC0-301F-11D3-BF4B-00C04F79EFBC}") = "MojStomatolog.Models", "MojStomatolog.Models\MojStomatolog.Models.csproj", "{D076AFDB-C954-42A1-85BB-377767788C79}"
EndProject
Project("{FAE04EC0-301F-11D3-BF4B-00C04F79EFBC}") = "MojStomatolog.Services", "MojStomatolog.Services\MojStomatolog.Services.csproj", "{8F379BCE-74B3-41A2-90E8-2AF40BA5A49C}"
EndProject
Global
	GlobalSection(SolutionConfigurationPlatforms) = preSolution
		Debug|Any CPU = Debug|Any CPU
		Release|Any CPU = Release|Any CPU
	EndGlobalSection
	GlobalSection(ProjectConfigurationPlatforms) = postSolution
		{1F20AABD-6A76-4230-973C-E8F232530C74}.Debug|Any CPU.ActiveCfg = Debug|Any CPU
		{1F20AABD-6A76-4230-973C-E8F232530C74}.Debug|Any CPU.Build.0 = Debug|Any CPU
		{1F20AABD-6A76-4230-973C-E8F232530C74}.Release|Any CPU.ActiveCfg = Release|Any CPU
		{1F20AABD-6A76-4230-973C-E8F232530C74}.Release|Any CPU.Build.0 = Release|Any CPU
		{D076AFDB-C954-42A1-85BB-377767788C79}.Debug|Any CPU.ActiveCfg = Debug|Any CPU
		{D076AFDB-C954-42A1-85BB-377767788C79}.Debug|Any CPU.Build.0 = Debug|Any CPU
		{D076AFDB-C954-42A1-85BB-377767788C79}.Release|Any CPU.ActiveCfg = Release|Any CPU
		{D076AFDB-C954-42A1-85BB-377767788C79}.Release|Any CPU.Build.0 = Release|Any CPU
		{8F379BCE-74B3-41A2-90E8-2AF40BA5A49C}.Debug|Any CPU.ActiveCfg = Debug|Any CPU
		{8F379BCE-74B3-41A2-90E8-2AF40BA5A49C}.Debug|Any CPU.Build.0 = Debug|Any CPU
		{8F379BCE-74B3-41A2-90E8-2AF40BA5A49C}.Release|Any CPU.ActiveCfg = Release|Any CPU
		{8F379BCE-74B3-41A2-90E8-2AF40BA5A49C}.Release|Any CPU.Build.0 = Release|Any CPU
	EndGlobalSection
	GlobalSection(SolutionProperties) = preSolution
		HideSolutionNode = FALSE
	EndGlobalSection
	GlobalSection(ExtensibilityGlobals) = postSolution
		SolutionGuid = {43D9DB47-F8C3-42E1-AA0F-69EECDBB5A15}
	EndGlobalSection
EndGlobal
